
Microsoft Visual Studio Solution File, Format Version 12.00
# Visual Studio 2012
Project("{FAE04EC0-301F-11D3-BF4B-00C04F79EFBC}") = "Log.App", "Log.App.csproj", "{8447CD0E-6719-431B-9A7A-2566F15F24A6}"
EndProject
Project("{FAE04EC0-301F-11D3-BF4B-00C04F79EFBC}") = "LogReporter", "..\LogReporter\LogReporter.csproj", "{C8C33DD0-D8BE-4254-BDA7-0CBD6F1BE1BE}"
EndProject
Project("{FAE04EC0-301F-11D3-BF4B-00C04F79EFBC}") = "StressTestLogReport", "..\..\Meri-dev\Src\LTF\StressTestLogReport\StressTestLogReport.csproj", "{53DD63CF-D652-444A-B4A1-815D3B39B766}"
EndProject
Project("{FAE04EC0-301F-11D3-BF4B-00C04F79EFBC}") = "LoadTestFramework.Collector", "C:\Users\t-twu\Desktop\Meri_new\Meri-dev\Src\LTF\Collector\LoadTestFramework.Collector.csproj", "{66C839AC-5675-4EE5-A469-B3CB5FD4B12A}"
EndProject
Project("{FAE04EC0-301F-11D3-BF4B-00C04F79EFBC}") = "StressTestLogReport_Once", "..\..\Meri-dev\Src\LTF\StressTestLogReport_Once\StressTestLogReport_Once.csproj", "{32430363-AE8F-4899-9C52-B84E7330C0C1}"
EndProject
Project("{FAE04EC0-301F-11D3-BF4B-00C04F79EFBC}") = "LoadTestFramework.Utilities", "C:\Users\t-twu\Desktop\Meri_new\Meri-dev\Src\LTF\Utilities\LoadTestFramework.Utilities.csproj", "{9F54B754-F81F-45D0-991C-936BF3F5D3CF}"
EndProject
Project("{FAE04EC0-301F-11D3-BF4B-00C04F79EFBC}") = "Meri.SDK", "C:\Users\t-twu\Desktop\Meri_new\Meri-dev\Src\Svc\SDK\Meri.SDK.csproj", "{02DD6CDA-99AF-4397-9B65-991317A5D0CF}"
EndProject
Project("{FAE04EC0-301F-11D3-BF4B-00C04F79EFBC}") = "Meri.Utilities", "C:\Users\t-twu\Desktop\Meri_new\Meri-dev\Src\Svc\Utilities\Meri.Utilities.csproj", "{EC943E42-38A5-442E-8740-D79E6F44B884}"
EndProject
Global
	GlobalSection(TeamFoundationVersionControl) = preSolution
		SccNumberOfProjects = 7
		SccEnterpriseProvider = {4CA58AB2-18FA-4F8D-95D4-32DDF27D184C}
		SccTeamFoundationServer = http://vstfcodebox:8080/tfs/mu
		SccProjectUniqueName0 = ..\\LogReporter\\LogReporter.csproj
		SccProjectName0 = $/meri/MyWorkSpace/LogReporter
		SccAuxPath0 = http://vstfcodebox:8080/tfs/mu
		SccLocalPath0 = ..\\LogReporter
		SccProvider0 = {4CA58AB2-18FA-4F8D-95D4-32DDF27D184C}
		SccProjectUniqueName1 = ..\\..\\Meri-dev\\Src\\LTF\\StressTestLogReport\\StressTestLogReport.csproj
		SccProjectName1 = $/meri/Meri-dev/Src/LTF/StressTestLogReport
		SccAuxPath1 = http://vstfcodebox:8080/tfs/mu
		SccLocalPath1 = ..\\..\\Meri-dev\\Src\\LTF\\StressTestLogReport
		SccProvider1 = {4CA58AB2-18FA-4F8D-95D4-32DDF27D184C}
		SccProjectUniqueName2 = C:\\Users\\t-twu\\Desktop\\Meri_new\\Meri-dev\\Src\\LTF\\Collector\\LoadTestFramework.Collector.csproj
		SccProjectName2 = $/meri/Meri-dev/Src/LTF/Collector
		SccAuxPath2 = http://vstfcodebox:8080/tfs/mu
		SccLocalPath2 = C:\\Users\\t-twu\\Desktop\\Meri_new\\Meri-dev\\Src\\LTF\\Collector
		SccProvider2 = {4CA58AB2-18FA-4F8D-95D4-32DDF27D184C}
		SccProjectUniqueName3 = ..\\..\\Meri-dev\\Src\\LTF\\StressTestLogReport_Once\\StressTestLogReport_Once.csproj
		SccProjectName3 = $/meri/Meri-dev/Src/LTF/StressTestLogReport_Once
		SccAuxPath3 = http://vstfcodebox:8080/tfs/mu
		SccLocalPath3 = ..\\..\\Meri-dev\\Src\\LTF\\StressTestLogReport_Once
		SccProvider3 = {4CA58AB2-18FA-4F8D-95D4-32DDF27D184C}
		SccProjectUniqueName4 = C:\\Users\\t-twu\\Desktop\\Meri_new\\Meri-dev\\Src\\LTF\\Utilities\\LoadTestFramework.Utilities.csproj
		SccProjectName4 = $/meri/Meri-dev/Src/LTF/Utilities
		SccAuxPath4 = http://vstfcodebox:8080/tfs/mu
		SccLocalPath4 = C:\\Users\\t-twu\\Desktop\\Meri_new\\Meri-dev\\Src\\LTF\\Utilities
		SccProvider4 = {4CA58AB2-18FA-4F8D-95D4-32DDF27D184C}
		SccProjectUniqueName5 = C:\\Users\\t-twu\\Desktop\\Meri_new\\Meri-dev\\Src\\Svc\\SDK\\Meri.SDK.csproj
		SccProjectName5 = $/meri/Meri-dev/Src/Svc/SDK
		SccAuxPath5 = http://vstfcodebox:8080/tfs/mu
		SccLocalPath5 = C:\\Users\\t-twu\\Desktop\\Meri_new\\Meri-dev\\Src\\Svc\\SDK
		SccProvider5 = {4CA58AB2-18FA-4F8D-95D4-32DDF27D184C}
		SccProjectUniqueName6 = C:\\Users\\t-twu\\Desktop\\Meri_new\\Meri-dev\\Src\\Svc\\Utilities\\Meri.Utilities.csproj
		SccProjectName6 = $/meri/Meri-dev/Src/Svc/Utilities
		SccAuxPath6 = http://vstfcodebox:8080/tfs/mu
		SccLocalPath6 = C:\\Users\\t-twu\\Desktop\\Meri_new\\Meri-dev\\Src\\Svc\\Utilities
		SccProvider6 = {4CA58AB2-18FA-4F8D-95D4-32DDF27D184C}
	EndGlobalSection
	GlobalSection(SolutionConfigurationPlatforms) = preSolution
		Debug|Any CPU = Debug|Any CPU
		Debug|x64 = Debug|x64
		Debug|x86 = Debug|x86
		Release|Any CPU = Release|Any CPU
		Release|x64 = Release|x64
		Release|x86 = Release|x86
	EndGlobalSection
	GlobalSection(ProjectConfigurationPlatforms) = postSolution
		{8447CD0E-6719-431B-9A7A-2566F15F24A6}.Debug|Any CPU.ActiveCfg = Debug|Any CPU
		{8447CD0E-6719-431B-9A7A-2566F15F24A6}.Debug|Any CPU.Build.0 = Debug|Any CPU
		{8447CD0E-6719-431B-9A7A-2566F15F24A6}.Debug|x64.ActiveCfg = Debug|Any CPU
		{8447CD0E-6719-431B-9A7A-2566F15F24A6}.Debug|x86.ActiveCfg = Debug|Any CPU
		{8447CD0E-6719-431B-9A7A-2566F15F24A6}.Release|Any CPU.ActiveCfg = Release|Any CPU
		{8447CD0E-6719-431B-9A7A-2566F15F24A6}.Release|Any CPU.Build.0 = Release|Any CPU
		{8447CD0E-6719-431B-9A7A-2566F15F24A6}.Release|x64.ActiveCfg = Release|Any CPU
		{8447CD0E-6719-431B-9A7A-2566F15F24A6}.Release|x86.ActiveCfg = Release|Any CPU
		{C8C33DD0-D8BE-4254-BDA7-0CBD6F1BE1BE}.Debug|Any CPU.ActiveCfg = Debug|Any CPU
		{C8C33DD0-D8BE-4254-BDA7-0CBD6F1BE1BE}.Debug|Any CPU.Build.0 = Debug|Any CPU
		{C8C33DD0-D8BE-4254-BDA7-0CBD6F1BE1BE}.Debug|x64.ActiveCfg = Debug|Any CPU
		{C8C33DD0-D8BE-4254-BDA7-0CBD6F1BE1BE}.Debug|x86.ActiveCfg = Debug|Any CPU
		{C8C33DD0-D8BE-4254-BDA7-0CBD6F1BE1BE}.Release|Any CPU.ActiveCfg = Release|Any CPU
		{C8C33DD0-D8BE-4254-BDA7-0CBD6F1BE1BE}.Release|Any CPU.Build.0 = Release|Any CPU
		{C8C33DD0-D8BE-4254-BDA7-0CBD6F1BE1BE}.Release|x64.ActiveCfg = Release|Any CPU
		{C8C33DD0-D8BE-4254-BDA7-0CBD6F1BE1BE}.Release|x86.ActiveCfg = Release|Any CPU
		{53DD63CF-D652-444A-B4A1-815D3B39B766}.Debug|Any CPU.ActiveCfg = Debug|Any CPU
		{53DD63CF-D652-444A-B4A1-815D3B39B766}.Debug|Any CPU.Build.0 = Debug|Any CPU
		{53DD63CF-D652-444A-B4A1-815D3B39B766}.Debug|x64.ActiveCfg = Debug|Any CPU
		{53DD63CF-D652-444A-B4A1-815D3B39B766}.Debug|x86.ActiveCfg = Debug|Any CPU
		{53DD63CF-D652-444A-B4A1-815D3B39B766}.Release|Any CPU.ActiveCfg = Release|Any CPU
		{53DD63CF-D652-444A-B4A1-815D3B39B766}.Release|Any CPU.Build.0 = Release|Any CPU
		{53DD63CF-D652-444A-B4A1-815D3B39B766}.Release|x64.ActiveCfg = Release|Any CPU
		{53DD63CF-D652-444A-B4A1-815D3B39B766}.Release|x86.ActiveCfg = Release|Any CPU
		{66C839AC-5675-4EE5-A469-B3CB5FD4B12A}.Debug|Any CPU.ActiveCfg = Debug|Any CPU
		{66C839AC-5675-4EE5-A469-B3CB5FD4B12A}.Debug|Any CPU.Build.0 = Debug|Any CPU
		{66C839AC-5675-4EE5-A469-B3CB5FD4B12A}.Debug|x64.ActiveCfg = Debug|x64
		{66C839AC-5675-4EE5-A469-B3CB5FD4B12A}.Debug|x64.Build.0 = Debug|x64
		{66C839AC-5675-4EE5-A469-B3CB5FD4B12A}.Debug|x86.ActiveCfg = Debug|Any CPU
		{66C839AC-5675-4EE5-A469-B3CB5FD4B12A}.Release|Any CPU.ActiveCfg = Release|Any CPU
		{66C839AC-5675-4EE5-A469-B3CB5FD4B12A}.Release|Any CPU.Build.0 = Release|Any CPU
		{66C839AC-5675-4EE5-A469-B3CB5FD4B12A}.Release|x64.ActiveCfg = Release|x64
		{66C839AC-5675-4EE5-A469-B3CB5FD4B12A}.Release|x64.Build.0 = Release|x64
		{66C839AC-5675-4EE5-A469-B3CB5FD4B12A}.Release|x86.ActiveCfg = Release|Any CPU
		{32430363-AE8F-4899-9C52-B84E7330C0C1}.Debug|Any CPU.ActiveCfg = Debug|Any CPU
		{32430363-AE8F-4899-9C52-B84E7330C0C1}.Debug|Any CPU.Build.0 = Debug|Any CPU
		{32430363-AE8F-4899-9C52-B84E7330C0C1}.Debug|x64.ActiveCfg = Debug|Any CPU
		{32430363-AE8F-4899-9C52-B84E7330C0C1}.Debug|x86.ActiveCfg = Debug|Any CPU
		{32430363-AE8F-4899-9C52-B84E7330C0C1}.Release|Any CPU.ActiveCfg = Release|Any CPU
		{32430363-AE8F-4899-9C52-B84E7330C0C1}.Release|Any CPU.Build.0 = Release|Any CPU
		{32430363-AE8F-4899-9C52-B84E7330C0C1}.Release|x64.ActiveCfg = Release|Any CPU
		{32430363-AE8F-4899-9C52-B84E7330C0C1}.Release|x86.ActiveCfg = Release|Any CPU
		{9F54B754-F81F-45D0-991C-936BF3F5D3CF}.Debug|Any CPU.ActiveCfg = Debug|Any CPU
		{9F54B754-F81F-45D0-991C-936BF3F5D3CF}.Debug|Any CPU.Build.0 = Debug|Any CPU
		{9F54B754-F81F-45D0-991C-936BF3F5D3CF}.Debug|x64.ActiveCfg = Debug|x64
		{9F54B754-F81F-45D0-991C-936BF3F5D3CF}.Debug|x64.Build.0 = Debug|x64
		{9F54B754-F81F-45D0-991C-936BF3F5D3CF}.Debug|x86.ActiveCfg = Debug|Any CPU
		{9F54B754-F81F-45D0-991C-936BF3F5D3CF}.Release|Any CPU.ActiveCfg = Release|Any CPU
		{9F54B754-F81F-45D0-991C-936BF3F5D3CF}.Release|Any CPU.Build.0 = Release|Any CPU
		{9F54B754-F81F-45D0-991C-936BF3F5D3CF}.Release|x64.ActiveCfg = Release|x64
		{9F54B754-F81F-45D0-991C-936BF3F5D3CF}.Release|x64.Build.0 = Release|x64
		{9F54B754-F81F-45D0-991C-936BF3F5D3CF}.Release|x86.ActiveCfg = Release|Any CPU
		{02DD6CDA-99AF-4397-9B65-991317A5D0CF}.Debug|Any CPU.ActiveCfg = Debug|Any CPU
		{02DD6CDA-99AF-4397-9B65-991317A5D0CF}.Debug|Any CPU.Build.0 = Debug|Any CPU
		{02DD6CDA-99AF-4397-9B65-991317A5D0CF}.Debug|x64.ActiveCfg = Debug|Any CPU
		{02DD6CDA-99AF-4397-9B65-991317A5D0CF}.Debug|x86.ActiveCfg = Debug|Any CPU
		{02DD6CDA-99AF-4397-9B65-991317A5D0CF}.Release|Any CPU.ActiveCfg = Release|Any CPU
		{02DD6CDA-99AF-4397-9B65-991317A5D0CF}.Release|Any CPU.Build.0 = Release|Any CPU
		{02DD6CDA-99AF-4397-9B65-991317A5D0CF}.Release|x64.ActiveCfg = Release|Any CPU
		{02DD6CDA-99AF-4397-9B65-991317A5D0CF}.Release|x86.ActiveCfg = Release|Any CPU
		{EC943E42-38A5-442E-8740-D79E6F44B884}.Debug|Any CPU.ActiveCfg = Debug|Any CPU
		{EC943E42-38A5-442E-8740-D79E6F44B884}.Debug|Any CPU.Build.0 = Debug|Any CPU
		{EC943E42-38A5-442E-8740-D79E6F44B884}.Debug|x64.ActiveCfg = Debug|Any CPU
		{EC943E42-38A5-442E-8740-D79E6F44B884}.Debug|x86.ActiveCfg = Debug|x86
		{EC943E42-38A5-442E-8740-D79E6F44B884}.Debug|x86.Build.0 = Debug|x86
		{EC943E42-38A5-442E-8740-D79E6F44B884}.Release|Any CPU.ActiveCfg = Release|Any CPU
		{EC943E42-38A5-442E-8740-D79E6F44B884}.Release|Any CPU.Build.0 = Release|Any CPU
		{EC943E42-38A5-442E-8740-D79E6F44B884}.Release|x64.ActiveCfg = Release|Any CPU
		{EC943E42-38A5-442E-8740-D79E6F44B884}.Release|x86.ActiveCfg = Release|x86
		{EC943E42-38A5-442E-8740-D79E6F44B884}.Release|x86.Build.0 = Release|x86
	EndGlobalSection
	GlobalSection(SolutionProperties) = preSolution
		HideSolutionNode = FALSE
	EndGlobalSection
EndGlobal
